<?xml version="1.0" encoding="utf-8"?>
<Project ToolsVersion="4.0" xmlns="http://schemas.microsoft.com/developer/msbuild/2003">
  <ItemGroup>
    <Filter Include="소스 파일">
      <UniqueIdentifier>{4FC737F1-C7A5-4376-A066-2A32D752A2FF}</UniqueIdentifier>
      <Extensions>cpp;c;cc;cxx;def;odl;idl;hpj;bat;asm;asmx</Extensions>
    </Filter>
    <Filter Include="헤더 파일">
      <UniqueIdentifier>{93995380-89BD-4b04-88EB-625FBE52EBFB}</UniqueIdentifier>
      <Extensions>h;hh;hpp;hxx;hm;inl;inc;xsd</Extensions>
    </Filter>
    <Filter Include="리소스 파일">
      <UniqueIdentifier>{67DA6AB6-F800-4c08-8B7A-83BB121AAD01}</UniqueIdentifier>
      <Extensions>rc;ico;cur;bmp;dlg;rc2;rct;bin;rgs;gif;jpg;jpeg;jpe;resx;tiff;tif;png;wav;mfcribbon-ms</Extensions>
    </Filter>
    <Filter Include="PreparationServer">
      <UniqueIdentifier>{9d6c1169-87da-4e5f-90ca-5bee64d1aaaf}</UniqueIdentifier>
    </Filter>
    <Filter Include="Link">
      <UniqueIdentifier>{30c8962a-9a61-410b-a343-736fb1a73bea}</UniqueIdentifier>
    </Filter>
    <Filter Include="Area">
      <UniqueIdentifier>{5b11b51e-8700-48cd-95b1-9417b7eb9d07}</UniqueIdentifier>
    </Filter>
    <Filter Include="TakeError">
      <UniqueIdentifier>{9c4b2628-7445-4165-8a27-583efe63d599}</UniqueIdentifier>
    </Filter>
    <Filter Include="ThreadInfo">
      <UniqueIdentifier>{3e488767-6a85-4e8e-81c1-2378ed496902}</UniqueIdentifier>
    </Filter>
  </ItemGroup>
  <ItemGroup>
    <ClCompile Include="ReadyServer.cpp">
      <Filter>PreparationServer</Filter>
    </ClCompile>
    <ClCompile Include="main.cpp">
      <Filter>소스 파일</Filter>
    </ClCompile>
    <ClCompile Include="Link.cpp">
      <Filter>Link</Filter>
    </ClCompile>
    <ClCompile Include="Area.cpp">
      <Filter>Area</Filter>
    </ClCompile>
    <ClCompile Include="AreaManager.cpp">
      <Filter>Area</Filter>
    </ClCompile>
    <ClCompile Include="ErrorHandler.cpp">
      <Filter>TakeError</Filter>
    </ClCompile>
    <ClCompile Include="ErrorCode.cpp">
      <Filter>TakeError</Filter>
    </ClCompile>
    <ClCompile Include="Util.cpp">
      <Filter>소스 파일</Filter>
    </ClCompile>
    <ClCompile Include="WorkThreadInfo.cpp">
      <Filter>ThreadInfo</Filter>
    </ClCompile>
    <ClCompile Include="CommandMap.cpp">
      <Filter>소스 파일</Filter>
    </ClCompile>
    <ClCompile Include="ConstValue.cpp">
      <Filter>소스 파일</Filter>
    </ClCompile>
  </ItemGroup>
  <ItemGroup>
    <ClInclude Include="ReadyServer.h">
      <Filter>PreparationServer</Filter>
    </ClInclude>
    <ClInclude Include="ConstValue.h">
      <Filter>헤더 파일</Filter>
    </ClInclude>
    <ClInclude Include="Link.h">
      <Filter>Link</Filter>
    </ClInclude>
    <ClInclude Include="Area.h">
      <Filter>Area</Filter>
    </ClInclude>
    <ClInclude Include="AreaManager.h">
      <Filter>Area</Filter>
    </ClInclude>
    <ClInclude Include="ErrorHandler.h">
      <Filter>TakeError</Filter>
    </ClInclude>
    <ClInclude Include="ErrorCode.h">
      <Filter>TakeError</Filter>
    </ClInclude>
    <ClInclude Include="Util.h">
      <Filter>헤더 파일</Filter>
    </ClInclude>
    <ClInclude Include="EnumInfo.h">
      <Filter>헤더 파일</Filter>
    </ClInclude>
    <ClInclude Include="RAII.h">
      <Filter>헤더 파일</Filter>
    </ClInclude>
    <ClInclude Include="WorkThreadInfo.h">
      <Filter>ThreadInfo</Filter>
    </ClInclude>
    <ClInclude Include="CommandMap.h">
      <Filter>헤더 파일</Filter>
    </ClInclude>
  </ItemGroup>
</Project>